{
  "name": "@artela/aspect-libs",
  "version": "0.0.24",
  "lockfileVersion": 3,
  "requires": true,
  "packages": {
    "": {
      "name": "@artela/aspect-libs",
      "version": "0.0.24",
      "dependencies": {
        "as-proto": "^1.3.0",
        "assemblyscript": "^0.27.9"
      },
      "devDependencies": {
        "as-proto-gen": "^1.3.0",
        "prettier": "^2.4.1"
      }
    },
    "../../node_modules/.pnpm/as-proto-gen@1.3.0/node_modules/as-proto-gen": {
      "version": "1.3.0",
      "dev": true,
      "license": "MIT",
      "dependencies": {
        "@types/humps": "^2.0.2",
        "fs-extra": "^10.1.0",
        "google-protobuf": "^3.19.2",
        "humps": "^2.0.1",
        "prettier": "^2.5.0"
      },
      "bin": {
        "as-proto-gen": "bin/as-proto-gen"
      },
      "devDependencies": {
        "@types/fs-extra": "^9.0.13",
        "@types/google-protobuf": "^3.15.5",
        "@types/prettier": "^2.4.2",
        "ts-node": "^10.8.1"
      }
    },
    "../../node_modules/.pnpm/as-proto@1.3.0/node_modules/as-proto": {
      "version": "1.3.0",
      "license": "MIT"
    },
    "../../node_modules/.pnpm/prettier@2.8.2/node_modules/prettier": {
      "version": "2.8.2",
      "dev": true,
      "license": "MIT",
      "bin": {
        "prettier": "bin-prettier.js"
      },
      "engines": {
        "node": ">=10.13.0"
      },
      "funding": {
        "url": "https://github.com/prettier/prettier?sponsor=1"
      }
    },
    "node_modules/as-proto": {
      "resolved": "../../node_modules/.pnpm/as-proto@1.3.0/node_modules/as-proto",
      "link": true
    },
    "node_modules/as-proto-gen": {
      "resolved": "../../node_modules/.pnpm/as-proto-gen@1.3.0/node_modules/as-proto-gen",
      "link": true
    },
    "node_modules/assemblyscript": {
      "version": "0.27.9",
      "resolved": "https://registry.npmjs.org/assemblyscript/-/assemblyscript-0.27.9.tgz",
      "integrity": "sha512-cFE/AMjVtBQ2iKFZPu/a3Z/KJzGex61C+X+y3GuLJ8Hr9Zdf46sy/JlIl6ikothQd2umM9CQDAD/uAPAEHL+oA==",
      "dependencies": {
        "binaryen": "112.0.0-nightly.20230411",
        "long": "^5.2.1"
      },
      "bin": {
        "asc": "bin/asc.js",
        "asinit": "bin/asinit.js"
      },
      "engines": {
        "node": ">=16",
        "npm": ">=7"
      },
      "funding": {
        "type": "opencollective",
        "url": "https://opencollective.com/assemblyscript"
      }
    },
    "node_modules/binaryen": {
      "version": "112.0.0-nightly.20230411",
      "resolved": "https://registry.npmjs.org/binaryen/-/binaryen-112.0.0-nightly.20230411.tgz",
      "integrity": "sha512-4V9r9x9fjAVFZdR2yvBFc3BEJJIBYvd2X8X8k0zAuJsao2gl9wNHDmpQ30QsLo6hgkRfRImkCbCjhXW3RDOYXQ==",
      "bin": {
        "wasm-opt": "bin/wasm-opt",
        "wasm2js": "bin/wasm2js"
      }
    },
    "node_modules/long": {
      "version": "5.2.3",
      "resolved": "https://registry.npmjs.org/long/-/long-5.2.3.tgz",
      "integrity": "sha512-lcHwpNoggQTObv5apGNCTdJrO69eHOZMi4BNC+rTLER8iHAqGrUVeLh/irVIM7zTw2bOXA8T6uNPeujwOLg/2Q=="
    },
    "node_modules/prettier": {
      "resolved": "../../node_modules/.pnpm/prettier@2.8.2/node_modules/prettier",
      "link": true
    }
  }
}
